
Microsoft Visual Studio Solution File, Format Version 12.00
# Visual Studio Version 17
VisualStudioVersion = 17.5.33530.505
MinimumVisualStudioVersion = 10.0.40219.1
Project("{FAE04EC0-301F-11D3-BF4B-00C04F79EFBC}") = "WindowsFormsApp3", "WindowsFormsApp3\WindowsFormsApp3.csproj", "{EB8A92F9-4BFA-49DA-9469-07E276042845}"
EndProject
Global
	GlobalSection(SolutionConfigurationPlatforms) = preSolution
		Debug|Any CPU = Debug|Any CPU
		Release|Any CPU = Release|Any CPU
	EndGlobalSection
	GlobalSection(ProjectConfigurationPlatforms) = postSolution
		{EB8A92F9-4BFA-49DA-9469-07E276042845}.Debug|Any CPU.ActiveCfg = Debug|Any CPU
		{EB8A92F9-4BFA-49DA-9469-07E276042845}.Debug|Any CPU.Build.0 = Debug|Any CPU
		{EB8A92F9-4BFA-49DA-9469-07E276042845}.Release|Any CPU.ActiveCfg = Release|Any CPU
		{EB8A92F9-4BFA-49DA-9469-07E276042845}.Release|Any CPU.Build.0 = Release|Any CPU
	EndGlobalSection
	GlobalSection(SolutionProperties) = preSolution
		HideSolutionNode = FALSE
	EndGlobalSection
	GlobalSection(ExtensibilityGlobals) = postSolution
		SolutionGuid = {052E794A-48D3-4254-AB33-987410E6FFBD}
	EndGlobalSection
EndGlobal
